
Microsoft Visual Studio Solution File, Format Version 12.00
# Visual Studio 15
VisualStudioVersion = 15.0.28010.2050
MinimumVisualStudioVersion = 10.0.40219.1
Project("{8BC9CEB8-8B4A-11D0-8D11-00A0C91BC942}") = "helloword", "helloword\helloword.vcxproj", "{A6A91A70-F89D-4C24-ADE9-539E7F4F1FCF}"
EndProject
Global
	GlobalSection(SolutionConfigurationPlatforms) = preSolution
		Debug|x64 = Debug|x64
		Debug|x86 = Debug|x86
		Release|x64 = Release|x64
		Release|x86 = Release|x86
	EndGlobalSection
	GlobalSection(ProjectConfigurationPlatforms) = postSolution
		{A6A91A70-F89D-4C24-ADE9-539E7F4F1FCF}.Debug|x64.ActiveCfg = Debug|x64
		{A6A91A70-F89D-4C24-ADE9-539E7F4F1FCF}.Debug|x64.Build.0 = Debug|x64
		{A6A91A70-F89D-4C24-ADE9-539E7F4F1FCF}.Debug|x86.ActiveCfg = Debug|Win32
		{A6A91A70-F89D-4C24-ADE9-539E7F4F1FCF}.Debug|x86.Build.0 = Debug|Win32
		{A6A91A70-F89D-4C24-ADE9-539E7F4F1FCF}.Release|x64.ActiveCfg = Release|x64
		{A6A91A70-F89D-4C24-ADE9-539E7F4F1FCF}.Release|x64.Build.0 = Release|x64
		{A6A91A70-F89D-4C24-ADE9-539E7F4F1FCF}.Release|x86.ActiveCfg = Release|Win32
		{A6A91A70-F89D-4C24-ADE9-539E7F4F1FCF}.Release|x86.Build.0 = Release|Win32
	EndGlobalSection
	GlobalSection(SolutionProperties) = preSolution
		HideSolutionNode = FALSE
	EndGlobalSection
	GlobalSection(ExtensibilityGlobals) = postSolution
		SolutionGuid = {9E03DB3C-7697-4D97-8B94-032598C8FAC3}
	EndGlobalSection
EndGlobal
